
Microsoft Visual Studio Solution File, Format Version 12.00
# Visual Studio Version 16
VisualStudioVersion = 16.0.30320.27
MinimumVisualStudioVersion = 10.0.40219.1
Project("{9A19103F-16F7-4668-BE54-9A1E7A4F7556}") = "IDFTempXamlApp", "IDFTempXamlApp.csproj", "{6E0CE175-CE54-4070-86CA-FDFCF576BFFB}"
EndProject
Global
	GlobalSection(SolutionConfigurationPlatforms) = preSolution
		Debug|Any CPU = Debug|Any CPU
		Release|Any CPU = Release|Any CPU
	EndGlobalSection
	GlobalSection(ProjectConfigurationPlatforms) = postSolution
		{6E0CE175-CE54-4070-86CA-FDFCF576BFFB}.Debug|Any CPU.ActiveCfg = Debug|Any CPU
		{6E0CE175-CE54-4070-86CA-FDFCF576BFFB}.Debug|Any CPU.Build.0 = Debug|Any CPU
		{6E0CE175-CE54-4070-86CA-FDFCF576BFFB}.Release|Any CPU.ActiveCfg = Release|Any CPU
		{6E0CE175-CE54-4070-86CA-FDFCF576BFFB}.Release|Any CPU.Build.0 = Release|Any CPU
	EndGlobalSection
	GlobalSection(SolutionProperties) = preSolution
		HideSolutionNode = FALSE
	EndGlobalSection
	GlobalSection(ExtensibilityGlobals) = postSolution
		SolutionGuid = {B99397A4-E57D-47C8-BDE3-94AC41AC4573}
	EndGlobalSection
EndGlobal
